PackratFormat: 1.4
PackratVersion: 0.4.7.1
RVersion: 3.3.1
Repos: CRAN=https://cran.rstudio.com/

Package: BH
Source: CRAN
Version: 1.60.0-2
Hash: be2967bcff307e561d9ba17faf03205c

Package: DBI
Source: CRAN
Version: 0.5-1
Hash: 375869004db963f9915f2b8a49b4a718

Package: DT
Source: CRAN
Version: 0.2
Hash: 36b032203797956fedad5a25055016a9
Requires: htmltools, htmlwidgets, magrittr

Package: GISTools
Source: CRAN
Version: 0.7-4
Hash: e8c112215956ecc1f6b706ae1972fe1b
Requires: RColorBrewer, maptools, rgeos, sp

Package: R6
Source: CRAN
Version: 2.2.0
Hash: 712773a3439bd32db5c40938e1a9aac2

Package: RColorBrewer
Source: CRAN
Version: 1.1-2
Hash: c0d56cd15034f395874c870141870c25

Package: RCurl
Source: CRAN
Version: 1.95-4.8
Hash: 79c7d5a8684e44e0e3426d3093aa7d90
Requires: bitops

Package: Rcpp
Source: CRAN
Version: 0.12.9
Hash: 7ab41cbe74918de8de87e435ef17e92d

Package: XML
Source: CRAN
Version: 3.98-1.5
Hash: 818adc834fc0a16dd4340a59d63b673a

Package: acs
Source: CRAN
Version: 2.0
Hash: d356c835968d782919697359b102450c
Requires: RCurl, XML, plyr, stringr

Package: assertthat
Source: CRAN
Version: 0.1
Hash: 0afb92b59b02593c70ff8046700ba9d3

Package: base64enc
Source: CRAN
Version: 0.1-3
Hash: c590d29e555926af053055e23ee79efb

Package: bitops
Source: CRAN
Version: 1.0-6
Hash: 67d0775189fd0041d95abca618c5c07e

Package: brew
Source: CRAN
Version: 1.0-6
Hash: 931f9972deae0f205e1c78a51f33149b

Package: caTools
Source: CRAN
Version: 1.17.1
Hash: 97cb6f6293cd18d17df77a6383cc6763
Requires: bitops

Package: colorspace
Source: CRAN
Version: 1.2-6
Hash: 00bb12245cd975c450cc4a960884fa15

Package: crosstalk
Source: github
Version: 1.0.1
Hash: 1a3a6c072c33a57ed2b334ececa9c9a6
Requires: R6, ggplot2, htmltools, jsonlite, lazyeval, shiny
GithubRepo: crosstalk
GithubUsername: rstudio
GithubRef: master
GithubSha1: 6a36da10f03d463ecb427fea649571be84b9bb43

Package: curl
Source: CRAN
Version: 1.2
Hash: 11de7924273ee61a95c7a157a572bc8a

Package: devtools
Source: CRAN
Version: 1.12.0
Hash: bbad95109ae75cbb14099281cda43af2
Requires: digest, git2r, httr, jsonlite, memoise, rstudioapi, whisker,
    withr

Package: dichromat
Source: CRAN
Version: 2.0-0
Hash: 08eed0c80510af29bb15f840ccfe37ce

Package: digest
Source: CRAN
Version: 0.6.11
Hash: e959a80e637182a39f4f865ef4fc51cc

Package: dplyr
Source: CRAN
Version: 0.5.0
Hash: fd282da553f66376f85a0539c51db030
Requires: BH, DBI, R6, Rcpp, assertthat, lazyeval, magrittr, tibble

Package: evaluate
Source: CRAN
Version: 0.9
Hash: cf338d73ba4ee3a4fefec612cdfd38db
Requires: stringr

Package: formatR
Source: CRAN
Version: 1.4
Hash: b2a47a2b91737978cf50ba95825a9cd1

Package: gdata
Source: CRAN
Version: 2.17.0
Hash: e7d520c2a9597b303f54499e3bd90644
Requires: gtools

Package: ggplot2
Source: CRAN
Version: 2.2.1
Hash: 46e5cb78836848aa44655e577433f54b
Requires: digest, gtable, lazyeval, plyr, reshape2, scales, tibble

Package: git2r
Source: CRAN
Version: 0.15.0
Hash: 92d5a9f3cba5e146b92a76dabbc29fbb

Package: gplots
Source: CRAN
Version: 3.0.1
Hash: b7abe122479c203aa236499b7fc4b816
Requires: caTools, gdata, gtools

Package: gridExtra
Source: CRAN
Version: 2.2.1
Hash: 8f54b57d4b0598ed5b27e0eafe86a670
Requires: gtable

Package: gtable
Source: CRAN
Version: 0.2.0
Hash: cd78381a9d3fea966ac39bd0daaf5554

Package: gtools
Source: CRAN
Version: 3.5.0
Hash: 471b2e2452dfb30fdc1dd6f1b567925a

Package: hexbin
Source: CRAN
Version: 1.27.1
Hash: 9f94c576cc4b9e83fd714ae8387272e6

Package: highr
Source: CRAN
Version: 0.6
Hash: aa3d5b7912b5fed4b546ed5cd2a1760b

Package: htmltools
Source: CRAN
Version: 0.3.5
Hash: 6c7e3a96d9034d3ba8e6a07f7e2a333d
Requires: Rcpp, digest

Package: htmlwidgets
Source: CRAN
Version: 0.8
Hash: e7a3c80acddc2412f96d616949e40bb8
Requires: htmltools, jsonlite, yaml

Package: httpuv
Source: CRAN
Version: 1.3.3
Hash: d73b1fc4f52d1179ff24f12f49eb6121
Requires: Rcpp

Package: httr
Source: CRAN
Version: 1.2.1
Hash: 7de1f8f760441881804af7c1ff324340
Requires: R6, curl, jsonlite, mime, openssl

Package: jsonlite
Source: CRAN
Version: 1.2
Hash: 3a193a612cae6814719ed523f7e7cf44

Package: knitr
Source: CRAN
Version: 1.14
Hash: e7b411f5a5512295a260a45683fa0c4a
Requires: digest, evaluate, formatR, highr, markdown, stringr, yaml

Package: labeling
Source: CRAN
Version: 0.3
Hash: ecf589b42cd284b03a4beb9665482d3e

Package: lazyeval
Source: CRAN
Version: 0.2.0
Hash: 3d6e7608e65bbf5cb170dab1e3c9ed8b

Package: leaflet
Source: github
Version: 1.0.2.9010
Hash: aa828ae8a17f73e1dbf65bdf17a559d5
Requires: RColorBrewer, base64enc, crosstalk, htmltools, htmlwidgets,
    magrittr, markdown, png, raster, scales, sp
GithubRepo: leaflet
GithubUsername: rstudio
GithubRef: master
GithubSha1: 7a8f0e78965767cebb0ce3d921377b96fe9c44c8

Package: leaflet.extras
Source: github
Version: 0.1.9006
Hash: daf4c9a1a69e38a212a9fbf6c2571e11
Requires: htmltools, htmlwidgets, leaflet, magrittr, shiny
GithubRepo: leaflet.extras
GithubUsername: bhaskarvk
GithubRef: master
GithubSha1: 3558bfe46d304a96204a9e5414574a1fe3c674b2

Package: magrittr
Source: CRAN
Version: 1.5
Hash: bdc4d48c3135e8f3b399536ddf160df4

Package: maptools
Source: CRAN
Version: 0.8-39
Hash: f88d489894305e514eacb380f4cb2008
Requires: sp

Package: markdown
Source: CRAN
Version: 0.7.7
Hash: fea2343a1119d61b0cc5c0a950d103a3
Requires: mime

Package: memoise
Source: CRAN
Version: 1.0.0
Hash: 56e7087c3559eb7ba72a9afb349bf896
Requires: digest

Package: mime
Source: CRAN
Version: 0.5
Hash: 463550cf44fb6f0a2359368f42eebe62

Package: miniUI
Source: CRAN
Version: 0.1.1
Hash: e85626581f80b1fe6c92a96ec348efc5
Requires: htmltools, shiny

Package: miscgis
Source: github
Version: 0.1.3-5
Hash: ded63d869ba55256738257aa6ca7c26c
Requires: acs, dplyr, leaflet, leaflet.extras, miniUI, operator.tools,
    sf, shinydashboard, sp, tigris
GithubRepo: miscgis
GithubUsername: tiernanmartin
GithubRef: master
GithubSha1: 4dec8c0a5c502822615c80b5e4e9474d576d9c72

Package: mlbench
Source: CRAN
Version: 2.1-1
Hash: 1630b5b4753eba4ba6cfd19bd7561b56

Package: munsell
Source: CRAN
Version: 0.4.3
Hash: f96d896947fcaf9b6d0074002e9f4f9d
Requires: colorspace

Package: openssl
Source: CRAN
Version: 0.9.4
Hash: 5ceb5d83bba44e8e5a764ac6ad32e9fb

Package: operator.tools
Source: CRAN
Version: 1.4.4
Hash: a436bd9e655cb29a8d6fd7e3509dbd97

Package: packrat
Source: CRAN
Version: 0.4.7-1
Hash: 16ca16d36eb18d1d16113606ecc5c400

Package: plotly
Source: CRAN
Version: 3.6.0
Hash: 97394476d23dd78c9b71aa799818644c
Requires: base64enc, digest, ggplot2, hexbin, htmlwidgets, httr,
    jsonlite, magrittr, plyr, scales, tidyr, viridis

Package: plyr
Source: CRAN
Version: 1.8.4
Hash: ce3897d2ea6dabdb2c0a217b25f5fe99
Requires: Rcpp

Package: png
Source: CRAN
Version: 0.1-7
Hash: 421d7d6e0fb4bd885ecbd909b6456b8b

Package: rappdirs
Source: CRAN
Version: 0.3.1
Hash: 7340cfebc77ad7b107a549a8635e64dd

Package: raster
Source: CRAN
Version: 2.5-8
Hash: cab4d071908e672aca4dbd776361eea5
Requires: Rcpp, sp

Package: reshape2
Source: CRAN
Version: 1.4.2
Hash: 85d9947f8a5e187dff7f18265b96cb13
Requires: Rcpp, plyr, stringr

Package: rgdal
Source: CRAN
Version: 1.1-10
Hash: 7676847bcab95b6e01cc6dc18e5ace7f
Requires: sp

Package: rgeos
Source: CRAN
Version: 0.3-20
Hash: 45c41ec5a74cf5f4c99e7e9cfccef741
Requires: sp

Package: rmarkdown
Source: github
Version: 1.0.9001
Hash: 698abea2b83cc0df3ebf4f7ebbc6eccf
Requires: base64enc, caTools, evaluate, htmltools, jsonlite, knitr,
    yaml
GithubRepo: rmarkdown
GithubUsername: rstudio
GithubRef: master
GithubSha1: 776934284e902cebe00f7a5f1b3fde2c7713f988

Package: roxygen2
Source: CRAN
Version: 5.0.1
Hash: d4fe5250cc73d11d1f1b9e45ae2535c2
Requires: Rcpp, brew, digest, stringi, stringr

Package: rstudioapi
Source: CRAN
Version: 0.6
Hash: fd256f8bfb9a64cc35f98b0decb1a79f

Package: scales
Source: CRAN
Version: 0.4.1
Hash: bc8d2233a63b068b0f60b18303d60c55
Requires: RColorBrewer, Rcpp, dichromat, labeling, munsell, plyr

Package: sf
Source: CRAN
Version: 0.2-8
Hash: 4917d7bb0d5ea12e373a8e4abb2cf7e1
Requires: DBI, Rcpp, units

Package: shiny
Source: github
Version: 1.0.0.9000
Hash: ab5d2d2f63578d1665dc1a0e69901678
Requires: R6, digest, htmltools, httpuv, jsonlite, mime, sourcetools,
    xtable
GithubRepo: shiny
GithubUsername: rstudio
GithubRef: master
GithubSha1: 61831f530f190c1b0c9a61d6c2538c5a0a7ef991

Package: shinydashboard
Source: CRAN
Version: 0.5.3
Hash: 6ec0688120d2dd4500b6561886f413a4
Requires: htmltools, shiny

Package: sourcetools
Source: CRAN
Version: 0.1.5
Hash: 04ddeb1c288302222562326a471e2945

Package: sp
Source: CRAN
Version: 1.2-4
Hash: 4ffcf86fffee89e7b859f760528dd545

Package: stringi
Source: CRAN
Version: 1.1.1
Hash: 48f2afc5dfecb65ba32a87d38b3533ff

Package: stringr
Source: CRAN
Version: 1.1.0
Hash: 4d21d0063b37a17ea18eaec6acd29bf3
Requires: magrittr, stringi

Package: tibble
Source: CRAN
Version: 1.2
Hash: 3857905737a164648031462bed6aa2ef
Requires: Rcpp, assertthat, lazyeval

Package: tidyr
Source: CRAN
Version: 0.6.0
Hash: ccb2269003b715fbac51aa66110531df
Requires: Rcpp, dplyr, lazyeval, magrittr, stringi, tibble

Package: tigris
Source: CRAN
Version: 0.3.3
Hash: ffcab56fa2546f0a153915dfd9138e5f
Requires: httr, magrittr, maptools, rappdirs, rgdal, rgeos, sp,
    stringr, uuid

Package: udunits2
Source: CRAN
Version: 0.13
Hash: 587587ec23c49271e0657fed726e7846

Package: units
Source: CRAN
Version: 0.4-2
Hash: 51cbd36b597c3a8d54c88783a1bc1411
Requires: udunits2

Package: uuid
Source: CRAN
Version: 0.1-2
Hash: 69acbbcf4dcff3a258f94de540214001

Package: viridis
Source: CRAN
Version: 0.3.4
Hash: c98cc0ee11a389f397c38ddb3762880c
Requires: ggplot2, gridExtra

Package: whisker
Source: CRAN
Version: 0.3-2
Hash: 803d662762e532705c2c066a82d066e7

Package: withr
Source: CRAN
Version: 1.0.2
Hash: 774eb7be9087cdc24b53b74e5359cfac

Package: xtable
Source: CRAN
Version: 1.8-2
Hash: 7293235cfcc14cdff1ce7fd1a0212031

Package: yaml
Source: CRAN
Version: 2.1.14
Hash: c81230c3a7d9ba20607ad6b4331173d1
